
Microsoft Visual Studio Solution File, Format Version 12.00
# Visual Studio Version 16
VisualStudioVersion = 16.0.31613.86
MinimumVisualStudioVersion = 10.0.40219.1
Project("{FAE04EC0-301F-11D3-BF4B-00C04F79EFBC}") = "KaksiNoppaa", "KaksiNoppaa\KaksiNoppaa.csproj", "{7DE10015-9D8F-456B-B6BD-FB2103BF7825}"
EndProject
Global
	GlobalSection(SolutionConfigurationPlatforms) = preSolution
		Debug|Any CPU = Debug|Any CPU
		Release|Any CPU = Release|Any CPU
	EndGlobalSection
	GlobalSection(ProjectConfigurationPlatforms) = postSolution
		{7DE10015-9D8F-456B-B6BD-FB2103BF7825}.Debug|Any CPU.ActiveCfg = Debug|Any CPU
		{7DE10015-9D8F-456B-B6BD-FB2103BF7825}.Debug|Any CPU.Build.0 = Debug|Any CPU
		{7DE10015-9D8F-456B-B6BD-FB2103BF7825}.Release|Any CPU.ActiveCfg = Release|Any CPU
		{7DE10015-9D8F-456B-B6BD-FB2103BF7825}.Release|Any CPU.Build.0 = Release|Any CPU
	EndGlobalSection
	GlobalSection(SolutionProperties) = preSolution
		HideSolutionNode = FALSE
	EndGlobalSection
	GlobalSection(ExtensibilityGlobals) = postSolution
		SolutionGuid = {82F96C13-61F5-4573-B024-2770284793B6}
	EndGlobalSection
EndGlobal
