
Microsoft Visual Studio Solution File, Format Version 12.00
# Visual Studio Version 16
<<<<<<< HEAD
VisualStudioVersion = 16.0.31613.86
MinimumVisualStudioVersion = 10.0.40219.1
Project("{FAE04EC0-301F-11D3-BF4B-00C04F79EFBC}") = "SuosikkiNimi", "SuosikkiNimi\SuosikkiNimi.csproj", "{A3270309-CF74-470F-A96D-1D6B8E8A99EE}"
=======
VisualStudioVersion = 16.0.29920.165
MinimumVisualStudioVersion = 10.0.40219.1
Project("{FAE04EC0-301F-11D3-BF4B-00C04F79EFBC}") = "SuosikkiNimi", "SuosikkiNimi\SuosikkiNimi.csproj", "{11C58BB8-CAB9-4014-B8A7-41AFB77BBDE9}"
>>>>>>> 075c3158648bf91aee786882c2f9c89cf646b65c
EndProject
Global
	GlobalSection(SolutionConfigurationPlatforms) = preSolution
		Debug|Any CPU = Debug|Any CPU
		Release|Any CPU = Release|Any CPU
	EndGlobalSection
	GlobalSection(ProjectConfigurationPlatforms) = postSolution
<<<<<<< HEAD
		{A3270309-CF74-470F-A96D-1D6B8E8A99EE}.Debug|Any CPU.ActiveCfg = Debug|Any CPU
		{A3270309-CF74-470F-A96D-1D6B8E8A99EE}.Debug|Any CPU.Build.0 = Debug|Any CPU
		{A3270309-CF74-470F-A96D-1D6B8E8A99EE}.Release|Any CPU.ActiveCfg = Release|Any CPU
		{A3270309-CF74-470F-A96D-1D6B8E8A99EE}.Release|Any CPU.Build.0 = Release|Any CPU
=======
		{11C58BB8-CAB9-4014-B8A7-41AFB77BBDE9}.Debug|Any CPU.ActiveCfg = Debug|Any CPU
		{11C58BB8-CAB9-4014-B8A7-41AFB77BBDE9}.Debug|Any CPU.Build.0 = Debug|Any CPU
		{11C58BB8-CAB9-4014-B8A7-41AFB77BBDE9}.Release|Any CPU.ActiveCfg = Release|Any CPU
		{11C58BB8-CAB9-4014-B8A7-41AFB77BBDE9}.Release|Any CPU.Build.0 = Release|Any CPU
>>>>>>> 075c3158648bf91aee786882c2f9c89cf646b65c
	EndGlobalSection
	GlobalSection(SolutionProperties) = preSolution
		HideSolutionNode = FALSE
	EndGlobalSection
	GlobalSection(ExtensibilityGlobals) = postSolution
<<<<<<< HEAD
		SolutionGuid = {3C4DCD86-D1F1-47FC-B9B1-239F71C797E0}
=======
		SolutionGuid = {BC2812BD-574A-4EAA-93AA-B687A728B2BD}
>>>>>>> 075c3158648bf91aee786882c2f9c89cf646b65c
	EndGlobalSection
EndGlobal
