
Microsoft Visual Studio Solution File, Format Version 12.00
# Visual Studio Version 16
VisualStudioVersion = 16.0.29920.165
MinimumVisualStudioVersion = 10.0.40219.1
Project("{FAE04EC0-301F-11D3-BF4B-00C04F79EFBC}") = "Viidesprojekti", "Viidesprojekti\Viidesprojekti.csproj", "{A0596B2A-AA09-4210-9DC1-DCCC7B8CE50E}"
EndProject
Global
	GlobalSection(SolutionConfigurationPlatforms) = preSolution
		Debug|Any CPU = Debug|Any CPU
		Release|Any CPU = Release|Any CPU
	EndGlobalSection
	GlobalSection(ProjectConfigurationPlatforms) = postSolution
		{A0596B2A-AA09-4210-9DC1-DCCC7B8CE50E}.Debug|Any CPU.ActiveCfg = Debug|Any CPU
		{A0596B2A-AA09-4210-9DC1-DCCC7B8CE50E}.Debug|Any CPU.Build.0 = Debug|Any CPU
		{A0596B2A-AA09-4210-9DC1-DCCC7B8CE50E}.Release|Any CPU.ActiveCfg = Release|Any CPU
		{A0596B2A-AA09-4210-9DC1-DCCC7B8CE50E}.Release|Any CPU.Build.0 = Release|Any CPU
	EndGlobalSection
	GlobalSection(SolutionProperties) = preSolution
		HideSolutionNode = FALSE
	EndGlobalSection
	GlobalSection(ExtensibilityGlobals) = postSolution
		SolutionGuid = {AFD05718-2044-4037-80D9-C1F5F7854B06}
	EndGlobalSection
EndGlobal
