
Microsoft Visual Studio Solution File, Format Version 12.00
# Visual Studio Version 16
VisualStudioVersion = 16.0.31702.278
MinimumVisualStudioVersion = 10.0.40219.1
Project("{FAE04EC0-301F-11D3-BF4B-00C04F79EFBC}") = "CRUDNET", "CRUDNET\CRUDNET.csproj", "{B6F99670-EF76-4E39-BF42-88F770752AE3}"
EndProject
Global
	GlobalSection(SolutionConfigurationPlatforms) = preSolution
		Debug|Any CPU = Debug|Any CPU
		Release|Any CPU = Release|Any CPU
	EndGlobalSection
	GlobalSection(ProjectConfigurationPlatforms) = postSolution
		{B6F99670-EF76-4E39-BF42-88F770752AE3}.Debug|Any CPU.ActiveCfg = Debug|Any CPU
		{B6F99670-EF76-4E39-BF42-88F770752AE3}.Debug|Any CPU.Build.0 = Debug|Any CPU
		{B6F99670-EF76-4E39-BF42-88F770752AE3}.Release|Any CPU.ActiveCfg = Release|Any CPU
		{B6F99670-EF76-4E39-BF42-88F770752AE3}.Release|Any CPU.Build.0 = Release|Any CPU
	EndGlobalSection
	GlobalSection(SolutionProperties) = preSolution
		HideSolutionNode = FALSE
	EndGlobalSection
	GlobalSection(ExtensibilityGlobals) = postSolution
		SolutionGuid = {4E8EAE0F-9D64-406D-8CAF-5DA3B99C90D5}
	EndGlobalSection
EndGlobal
