
Microsoft Visual Studio Solution File, Format Version 12.00
# Visual Studio Version 16
VisualStudioVersion = 16.0.29920.165
MinimumVisualStudioVersion = 10.0.40219.1
Project("{FAE04EC0-301F-11D3-BF4B-00C04F79EFBC}") = "BMI-laskuri", "BMI-laskuri\BMI-laskuri.csproj", "{DE2CC054-C182-4C25-A6C7-223849A0752A}"
EndProject
Global
	GlobalSection(SolutionConfigurationPlatforms) = preSolution
		Debug|Any CPU = Debug|Any CPU
		Release|Any CPU = Release|Any CPU
	EndGlobalSection
	GlobalSection(ProjectConfigurationPlatforms) = postSolution
		{DE2CC054-C182-4C25-A6C7-223849A0752A}.Debug|Any CPU.ActiveCfg = Debug|Any CPU
		{DE2CC054-C182-4C25-A6C7-223849A0752A}.Debug|Any CPU.Build.0 = Debug|Any CPU
		{DE2CC054-C182-4C25-A6C7-223849A0752A}.Release|Any CPU.ActiveCfg = Release|Any CPU
		{DE2CC054-C182-4C25-A6C7-223849A0752A}.Release|Any CPU.Build.0 = Release|Any CPU
	EndGlobalSection
	GlobalSection(SolutionProperties) = preSolution
		HideSolutionNode = FALSE
	EndGlobalSection
	GlobalSection(ExtensibilityGlobals) = postSolution
		SolutionGuid = {8EDE08D7-0257-4CF9-922C-3993A1605B9F}
	EndGlobalSection
EndGlobal
