
Microsoft Visual Studio Solution File, Format Version 12.00
# Visual Studio Version 16
VisualStudioVersion = 16.0.31613.86
MinimumVisualStudioVersion = 10.0.40219.1
Project("{FAE04EC0-301F-11D3-BF4B-00C04F79EFBC}") = "PainoIndeksi", "PainoIndeksi\PainoIndeksi.csproj", "{08BBBC92-565C-40A3-A9BD-F9F77D95AF5B}"
EndProject
Global
	GlobalSection(SolutionConfigurationPlatforms) = preSolution
		Debug|Any CPU = Debug|Any CPU
		Release|Any CPU = Release|Any CPU
	EndGlobalSection
	GlobalSection(ProjectConfigurationPlatforms) = postSolution
		{08BBBC92-565C-40A3-A9BD-F9F77D95AF5B}.Debug|Any CPU.ActiveCfg = Debug|Any CPU
		{08BBBC92-565C-40A3-A9BD-F9F77D95AF5B}.Debug|Any CPU.Build.0 = Debug|Any CPU
		{08BBBC92-565C-40A3-A9BD-F9F77D95AF5B}.Release|Any CPU.ActiveCfg = Release|Any CPU
		{08BBBC92-565C-40A3-A9BD-F9F77D95AF5B}.Release|Any CPU.Build.0 = Release|Any CPU
	EndGlobalSection
	GlobalSection(SolutionProperties) = preSolution
		HideSolutionNode = FALSE
	EndGlobalSection
	GlobalSection(ExtensibilityGlobals) = postSolution
		SolutionGuid = {3F43E67B-E2FC-4106-96F9-04C52D67CB05}
	EndGlobalSection
EndGlobal
